
Microsoft Visual Studio Solution File, Format Version 12.00
# Visual Studio Version 17
VisualStudioVersion = 17.12.35417.141
MinimumVisualStudioVersion = 10.0.40219.1
Project("{FAE04EC0-301F-11D3-BF4B-00C04F79EFBC}") = "CosmosExplorer.Terminal", "CosmosExplorer.Terminal\CosmosExplorer.Terminal.csproj", "{3C40D54F-64E6-49F7-B813-FDF6C1B2808A}"
EndProject
Project("{FAE04EC0-301F-11D3-BF4B-00C04F79EFBC}") = "CosmosExplorer.Core", "CosmosExplorer\CosmosExplorer.Core.csproj", "{37595716-EE6A-4CCD-A639-BB0038B5D2DC}"
EndProject
Project("{2150E333-8FDC-42A3-9474-1A3956D46DE8}") = "Solution Items", "Solution Items", "{02EA681E-C7D8-13C7-8484-4AC65E1B71E8}"
	ProjectSection(SolutionItems) = preProject
		.editorconfig = .editorconfig
	EndProjectSection
EndProject
Project("{FAE04EC0-301F-11D3-BF4B-00C04F79EFBC}") = "CosmosExplorer.UI", "CosmosExplorer.UI\CosmosExplorer.UI.csproj", "{C226F133-F94B-4B95-A903-A7AA238A6988}"
EndProject
Global
	GlobalSection(SolutionConfigurationPlatforms) = preSolution
		Debug|Any CPU = Debug|Any CPU
		Release|Any CPU = Release|Any CPU
	EndGlobalSection
	GlobalSection(ProjectConfigurationPlatforms) = postSolution
		{3C40D54F-64E6-49F7-B813-FDF6C1B2808A}.Debug|Any CPU.ActiveCfg = Debug|Any CPU
		{3C40D54F-64E6-49F7-B813-FDF6C1B2808A}.Debug|Any CPU.Build.0 = Debug|Any CPU
		{3C40D54F-64E6-49F7-B813-FDF6C1B2808A}.Release|Any CPU.ActiveCfg = Release|Any CPU
		{3C40D54F-64E6-49F7-B813-FDF6C1B2808A}.Release|Any CPU.Build.0 = Release|Any CPU
		{37595716-EE6A-4CCD-A639-BB0038B5D2DC}.Debug|Any CPU.ActiveCfg = Debug|Any CPU
		{37595716-EE6A-4CCD-A639-BB0038B5D2DC}.Debug|Any CPU.Build.0 = Debug|Any CPU
		{37595716-EE6A-4CCD-A639-BB0038B5D2DC}.Release|Any CPU.ActiveCfg = Release|Any CPU
		{37595716-EE6A-4CCD-A639-BB0038B5D2DC}.Release|Any CPU.Build.0 = Release|Any CPU
		{C226F133-F94B-4B95-A903-A7AA238A6988}.Debug|Any CPU.ActiveCfg = Debug|Any CPU
		{C226F133-F94B-4B95-A903-A7AA238A6988}.Debug|Any CPU.Build.0 = Debug|Any CPU
		{C226F133-F94B-4B95-A903-A7AA238A6988}.Release|Any CPU.ActiveCfg = Release|Any CPU
		{C226F133-F94B-4B95-A903-A7AA238A6988}.Release|Any CPU.Build.0 = Release|Any CPU
	EndGlobalSection
	GlobalSection(SolutionProperties) = preSolution
		HideSolutionNode = FALSE
	EndGlobalSection
	GlobalSection(ExtensibilityGlobals) = postSolution
		SolutionGuid = {0966DEA4-894D-4E3A-8AC2-B1E12BF7D7EA}
	EndGlobalSection
EndGlobal
